
Microsoft Visual Studio Solution File, Format Version 12.00
# Visual Studio Version 17
VisualStudioVersion = 17.0.31903.59
MinimumVisualStudioVersion = 10.0.40219.1
Project("{FAE04EC0-301F-11D3-BF4B-00C04F79EFBC}") = "Console_EFCore_DBFirst", "Example_EFCore_DBFirst\Console_EFCore_DBFirst.csproj", "{47B57B1F-0ED0-41E3-9149-7A3E0EDA5597}"
EndProject
Global
	GlobalSection(SolutionConfigurationPlatforms) = preSolution
		Debug|Any CPU = Debug|Any CPU
		Release|Any CPU = Release|Any CPU
	EndGlobalSection
	GlobalSection(ProjectConfigurationPlatforms) = postSolution
		{47B57B1F-0ED0-41E3-9149-7A3E0EDA5597}.Debug|Any CPU.ActiveCfg = Debug|Any CPU
		{47B57B1F-0ED0-41E3-9149-7A3E0EDA5597}.Debug|Any CPU.Build.0 = Debug|Any CPU
		{47B57B1F-0ED0-41E3-9149-7A3E0EDA5597}.Release|Any CPU.ActiveCfg = Release|Any CPU
		{47B57B1F-0ED0-41E3-9149-7A3E0EDA5597}.Release|Any CPU.Build.0 = Release|Any CPU
	EndGlobalSection
	GlobalSection(SolutionProperties) = preSolution
		HideSolutionNode = FALSE
	EndGlobalSection
	GlobalSection(ExtensibilityGlobals) = postSolution
		SolutionGuid = {C2870477-1412-418C-8F21-8ECC810DB932}
	EndGlobalSection
EndGlobal
